{
  "name": "functions-project",
  "lockfileVersion": 2,
  "requires": true,
  "packages": {
    "": {
      "dependencies": {
        "@paypal/payouts-sdk": "^1.1.1"
      }
    },
    "node_modules/@paypal/payouts-sdk": {
      "version": "1.1.1",
      "resolved": "https://registry.npmjs.org/@paypal/payouts-sdk/-/payouts-sdk-1.1.1.tgz",
      "integrity": "sha512-m8hICfBjrf8WKXYGt84wVS7YLa+exB/HQwItn33ArmDDH1Hno0vqwwE2oY7TNTuKcBpxSE75D9KMrtNlVN9kZQ==",
      "dependencies": {
        "@paypal/paypalhttp": "^1.0.1"
      },
      "engines": {
        "node": ">=8"
      }
    },
    "node_modules/@paypal/paypalhttp": {
      "version": "1.0.1",
      "resolved": "https://registry.npmjs.org/@paypal/paypalhttp/-/paypalhttp-1.0.1.tgz",
      "integrity": "sha512-DC7AHxTT7drF6dUi3YaFdPVuT15sIkpD5H2eHmdtFgxM4UanS1o1ZDfMhR9mpxd8o+X6pz2r+EZVRRq+n1cssQ==",
      "engines": {
        "node": ">=4"
      }
    }
  },
  "dependencies": {
    "@paypal/payouts-sdk": {
      "version": "1.1.1",
      "resolved": "https://registry.npmjs.org/@paypal/payouts-sdk/-/payouts-sdk-1.1.1.tgz",
      "integrity": "sha512-m8hICfBjrf8WKXYGt84wVS7YLa+exB/HQwItn33ArmDDH1Hno0vqwwE2oY7TNTuKcBpxSE75D9KMrtNlVN9kZQ==",
      "requires": {
        "@paypal/paypalhttp": "^1.0.1"
      }
    },
    "@paypal/paypalhttp": {
      "version": "1.0.1",
      "resolved": "https://registry.npmjs.org/@paypal/paypalhttp/-/paypalhttp-1.0.1.tgz",
      "integrity": "sha512-DC7AHxTT7drF6dUi3YaFdPVuT15sIkpD5H2eHmdtFgxM4UanS1o1ZDfMhR9mpxd8o+X6pz2r+EZVRRq+n1cssQ=="
    }
  }
}
