# THIS IS AN AUTOGENERATED FILE. DO NOT EDIT THIS FILE DIRECTLY.
# yarn lockfile v1


"@paypal/payouts-sdk@^1.1.1":
  "integrity" "sha512-m8hICfBjrf8WKXYGt84wVS7YLa+exB/HQwItn33ArmDDH1Hno0vqwwE2oY7TNTuKcBpxSE75D9KMrtNlVN9kZQ=="
  "resolved" "https://registry.npmjs.org/@paypal/payouts-sdk/-/payouts-sdk-1.1.1.tgz"
  "version" "1.1.1"
  dependencies:
    "@paypal/paypalhttp" "^1.0.1"

"@paypal/paypalhttp@^1.0.1":
  "integrity" "sha512-DC7AHxTT7drF6dUi3YaFdPVuT15sIkpD5H2eHmdtFgxM4UanS1o1ZDfMhR9mpxd8o+X6pz2r+EZVRRq+n1cssQ=="
  "resolved" "https://registry.npmjs.org/@paypal/paypalhttp/-/paypalhttp-1.0.1.tgz"
  "version" "1.0.1"
